
Microsoft Visual Studio Solution File, Format Version 12.00
# Visual Studio 15
VisualStudioVersion = 15.0.27004.2002
MinimumVisualStudioVersion = 10.0.40219.1
Project("{9A19103F-16F7-4668-BE54-9A1E7A4F7556}") = "TeamBuilder.Models", "TeamBuilder.Models\TeamBuilder.Models.csproj", "{B15312ED-BAEF-456A-944A-F289A34E30DB}"
EndProject
Project("{9A19103F-16F7-4668-BE54-9A1E7A4F7556}") = "TeamBuilder.Data", "TeamBuilder.Data\TeamBuilder.Data.csproj", "{7AB8D464-1663-4879-8F25-F69D234B4B18}"
EndProject
Project("{FAE04EC0-301F-11D3-BF4B-00C04F79EFBC}") = "TeamBuilder.App", "TeamBuilder.App\TeamBuilder.App.csproj", "{AD64DBD5-9806-4136-991A-BA8896AFF16B}"
EndProject
Global
	GlobalSection(SolutionConfigurationPlatforms) = preSolution
		Debug|Any CPU = Debug|Any CPU
		Release|Any CPU = Release|Any CPU
	EndGlobalSection
	GlobalSection(ProjectConfigurationPlatforms) = postSolution
		{B15312ED-BAEF-456A-944A-F289A34E30DB}.Debug|Any CPU.ActiveCfg = Debug|Any CPU
		{B15312ED-BAEF-456A-944A-F289A34E30DB}.Debug|Any CPU.Build.0 = Debug|Any CPU
		{B15312ED-BAEF-456A-944A-F289A34E30DB}.Release|Any CPU.ActiveCfg = Release|Any CPU
		{B15312ED-BAEF-456A-944A-F289A34E30DB}.Release|Any CPU.Build.0 = Release|Any CPU
		{7AB8D464-1663-4879-8F25-F69D234B4B18}.Debug|Any CPU.ActiveCfg = Debug|Any CPU
		{7AB8D464-1663-4879-8F25-F69D234B4B18}.Debug|Any CPU.Build.0 = Debug|Any CPU
		{7AB8D464-1663-4879-8F25-F69D234B4B18}.Release|Any CPU.ActiveCfg = Release|Any CPU
		{7AB8D464-1663-4879-8F25-F69D234B4B18}.Release|Any CPU.Build.0 = Release|Any CPU
		{AD64DBD5-9806-4136-991A-BA8896AFF16B}.Debug|Any CPU.ActiveCfg = Debug|Any CPU
		{AD64DBD5-9806-4136-991A-BA8896AFF16B}.Debug|Any CPU.Build.0 = Debug|Any CPU
		{AD64DBD5-9806-4136-991A-BA8896AFF16B}.Release|Any CPU.ActiveCfg = Release|Any CPU
		{AD64DBD5-9806-4136-991A-BA8896AFF16B}.Release|Any CPU.Build.0 = Release|Any CPU
	EndGlobalSection
	GlobalSection(SolutionProperties) = preSolution
		HideSolutionNode = FALSE
	EndGlobalSection
	GlobalSection(ExtensibilityGlobals) = postSolution
		SolutionGuid = {5F604C6A-3C16-4D34-AE0E-67D6D90B836C}
	EndGlobalSection
EndGlobal
