
Microsoft Visual Studio Solution File, Format Version 12.00
# Visual Studio 15
VisualStudioVersion = 15.0.27004.2002
MinimumVisualStudioVersion = 10.0.40219.1
Project("{9A19103F-16F7-4668-BE54-9A1E7A4F7556}") = "P02_DatabaseFirst", "P02_DatabaseFirst\P02_DatabaseFirst.csproj", "{F2130542-1715-448A-8384-D3912F356571}"
EndProject
Project("{9A19103F-16F7-4668-BE54-9A1E7A4F7556}") = "P04", "P04\P04.csproj", "{3B91A668-8A43-4168-ADD1-0D4895B5D2C6}"
EndProject
Project("{9A19103F-16F7-4668-BE54-9A1E7A4F7556}") = "P05", "P05\P05.csproj", "{EC02F363-28E8-460C-BFDD-8395FE238CED}"
EndProject
Project("{FAE04EC0-301F-11D3-BF4B-00C04F79EFBC}") = "P08", "P08\P08.csproj", "{487A3F33-56F8-40F5-B642-5A8F13C04E88}"
EndProject
Project("{FAE04EC0-301F-11D3-BF4B-00C04F79EFBC}") = "P09", "P09\P09.csproj", "{3CDB05C6-671D-4127-BA34-19D7B8499B8B}"
EndProject
Project("{FAE04EC0-301F-11D3-BF4B-00C04F79EFBC}") = "P10", "P10\P10.csproj", "{EB4A8115-34CD-4BD3-82AD-AFF47F63E4BC}"
EndProject
Project("{FAE04EC0-301F-11D3-BF4B-00C04F79EFBC}") = "P11", "P11\P11.csproj", "{AFE23037-AA82-4F50-AB3C-181A09953B16}"
EndProject
Project("{FAE04EC0-301F-11D3-BF4B-00C04F79EFBC}") = "P12", "P12\P12.csproj", "{C2CE2697-FF4B-4057-97DB-033BB304A6DF}"
EndProject
Project("{FAE04EC0-301F-11D3-BF4B-00C04F79EFBC}") = "P13", "P13\P13.csproj", "{A359C1BD-F3CA-4B26-A2B2-AC5080BD64D0}"
EndProject
Project("{FAE04EC0-301F-11D3-BF4B-00C04F79EFBC}") = "P14", "P14\P14.csproj", "{85B7F8E1-E29B-4208-8C4A-6C190B9F53E6}"
EndProject
Project("{FAE04EC0-301F-11D3-BF4B-00C04F79EFBC}") = "P15", "P15\P15.csproj", "{746D5BD5-DE6B-4F62-865F-F470E48C5482}"
EndProject
Project("{FAE04EC0-301F-11D3-BF4B-00C04F79EFBC}") = "P06", "P06\P06.csproj", "{72DE12D7-AA85-4725-BE3F-84E3E4A19AC3}"
EndProject
Project("{FAE04EC0-301F-11D3-BF4B-00C04F79EFBC}") = "P07", "P07\P07.csproj", "{13CCB40C-2970-4F15-B4A8-AA23BF42F82C}"
EndProject
Project("{FAE04EC0-301F-11D3-BF4B-00C04F79EFBC}") = "P03", "P03\P03.csproj", "{1925E728-9A1A-4C28-9E30-746656B21951}"
EndProject
Global
	GlobalSection(SolutionConfigurationPlatforms) = preSolution
		Debug|Any CPU = Debug|Any CPU
		Release|Any CPU = Release|Any CPU
	EndGlobalSection
	GlobalSection(ProjectConfigurationPlatforms) = postSolution
		{F2130542-1715-448A-8384-D3912F356571}.Debug|Any CPU.ActiveCfg = Debug|Any CPU
		{F2130542-1715-448A-8384-D3912F356571}.Debug|Any CPU.Build.0 = Debug|Any CPU
		{F2130542-1715-448A-8384-D3912F356571}.Release|Any CPU.ActiveCfg = Release|Any CPU
		{F2130542-1715-448A-8384-D3912F356571}.Release|Any CPU.Build.0 = Release|Any CPU
		{3B91A668-8A43-4168-ADD1-0D4895B5D2C6}.Debug|Any CPU.ActiveCfg = Debug|Any CPU
		{3B91A668-8A43-4168-ADD1-0D4895B5D2C6}.Debug|Any CPU.Build.0 = Debug|Any CPU
		{3B91A668-8A43-4168-ADD1-0D4895B5D2C6}.Release|Any CPU.ActiveCfg = Release|Any CPU
		{3B91A668-8A43-4168-ADD1-0D4895B5D2C6}.Release|Any CPU.Build.0 = Release|Any CPU
		{EC02F363-28E8-460C-BFDD-8395FE238CED}.Debug|Any CPU.ActiveCfg = Debug|Any CPU
		{EC02F363-28E8-460C-BFDD-8395FE238CED}.Debug|Any CPU.Build.0 = Debug|Any CPU
		{EC02F363-28E8-460C-BFDD-8395FE238CED}.Release|Any CPU.ActiveCfg = Release|Any CPU
		{EC02F363-28E8-460C-BFDD-8395FE238CED}.Release|Any CPU.Build.0 = Release|Any CPU
		{487A3F33-56F8-40F5-B642-5A8F13C04E88}.Debug|Any CPU.ActiveCfg = Debug|Any CPU
		{487A3F33-56F8-40F5-B642-5A8F13C04E88}.Debug|Any CPU.Build.0 = Debug|Any CPU
		{487A3F33-56F8-40F5-B642-5A8F13C04E88}.Release|Any CPU.ActiveCfg = Release|Any CPU
		{487A3F33-56F8-40F5-B642-5A8F13C04E88}.Release|Any CPU.Build.0 = Release|Any CPU
		{3CDB05C6-671D-4127-BA34-19D7B8499B8B}.Debug|Any CPU.ActiveCfg = Debug|Any CPU
		{3CDB05C6-671D-4127-BA34-19D7B8499B8B}.Debug|Any CPU.Build.0 = Debug|Any CPU
		{3CDB05C6-671D-4127-BA34-19D7B8499B8B}.Release|Any CPU.ActiveCfg = Release|Any CPU
		{3CDB05C6-671D-4127-BA34-19D7B8499B8B}.Release|Any CPU.Build.0 = Release|Any CPU
		{EB4A8115-34CD-4BD3-82AD-AFF47F63E4BC}.Debug|Any CPU.ActiveCfg = Debug|Any CPU
		{EB4A8115-34CD-4BD3-82AD-AFF47F63E4BC}.Debug|Any CPU.Build.0 = Debug|Any CPU
		{EB4A8115-34CD-4BD3-82AD-AFF47F63E4BC}.Release|Any CPU.ActiveCfg = Release|Any CPU
		{EB4A8115-34CD-4BD3-82AD-AFF47F63E4BC}.Release|Any CPU.Build.0 = Release|Any CPU
		{AFE23037-AA82-4F50-AB3C-181A09953B16}.Debug|Any CPU.ActiveCfg = Debug|Any CPU
		{AFE23037-AA82-4F50-AB3C-181A09953B16}.Debug|Any CPU.Build.0 = Debug|Any CPU
		{AFE23037-AA82-4F50-AB3C-181A09953B16}.Release|Any CPU.ActiveCfg = Release|Any CPU
		{AFE23037-AA82-4F50-AB3C-181A09953B16}.Release|Any CPU.Build.0 = Release|Any CPU
		{C2CE2697-FF4B-4057-97DB-033BB304A6DF}.Debug|Any CPU.ActiveCfg = Debug|Any CPU
		{C2CE2697-FF4B-4057-97DB-033BB304A6DF}.Debug|Any CPU.Build.0 = Debug|Any CPU
		{C2CE2697-FF4B-4057-97DB-033BB304A6DF}.Release|Any CPU.ActiveCfg = Release|Any CPU
		{C2CE2697-FF4B-4057-97DB-033BB304A6DF}.Release|Any CPU.Build.0 = Release|Any CPU
		{A359C1BD-F3CA-4B26-A2B2-AC5080BD64D0}.Debug|Any CPU.ActiveCfg = Debug|Any CPU
		{A359C1BD-F3CA-4B26-A2B2-AC5080BD64D0}.Debug|Any CPU.Build.0 = Debug|Any CPU
		{A359C1BD-F3CA-4B26-A2B2-AC5080BD64D0}.Release|Any CPU.ActiveCfg = Release|Any CPU
		{A359C1BD-F3CA-4B26-A2B2-AC5080BD64D0}.Release|Any CPU.Build.0 = Release|Any CPU
		{85B7F8E1-E29B-4208-8C4A-6C190B9F53E6}.Debug|Any CPU.ActiveCfg = Debug|Any CPU
		{85B7F8E1-E29B-4208-8C4A-6C190B9F53E6}.Debug|Any CPU.Build.0 = Debug|Any CPU
		{85B7F8E1-E29B-4208-8C4A-6C190B9F53E6}.Release|Any CPU.ActiveCfg = Release|Any CPU
		{85B7F8E1-E29B-4208-8C4A-6C190B9F53E6}.Release|Any CPU.Build.0 = Release|Any CPU
		{746D5BD5-DE6B-4F62-865F-F470E48C5482}.Debug|Any CPU.ActiveCfg = Debug|Any CPU
		{746D5BD5-DE6B-4F62-865F-F470E48C5482}.Debug|Any CPU.Build.0 = Debug|Any CPU
		{746D5BD5-DE6B-4F62-865F-F470E48C5482}.Release|Any CPU.ActiveCfg = Release|Any CPU
		{746D5BD5-DE6B-4F62-865F-F470E48C5482}.Release|Any CPU.Build.0 = Release|Any CPU
		{72DE12D7-AA85-4725-BE3F-84E3E4A19AC3}.Debug|Any CPU.ActiveCfg = Debug|Any CPU
		{72DE12D7-AA85-4725-BE3F-84E3E4A19AC3}.Debug|Any CPU.Build.0 = Debug|Any CPU
		{72DE12D7-AA85-4725-BE3F-84E3E4A19AC3}.Release|Any CPU.ActiveCfg = Release|Any CPU
		{72DE12D7-AA85-4725-BE3F-84E3E4A19AC3}.Release|Any CPU.Build.0 = Release|Any CPU
		{13CCB40C-2970-4F15-B4A8-AA23BF42F82C}.Debug|Any CPU.ActiveCfg = Debug|Any CPU
		{13CCB40C-2970-4F15-B4A8-AA23BF42F82C}.Debug|Any CPU.Build.0 = Debug|Any CPU
		{13CCB40C-2970-4F15-B4A8-AA23BF42F82C}.Release|Any CPU.ActiveCfg = Release|Any CPU
		{13CCB40C-2970-4F15-B4A8-AA23BF42F82C}.Release|Any CPU.Build.0 = Release|Any CPU
		{1925E728-9A1A-4C28-9E30-746656B21951}.Debug|Any CPU.ActiveCfg = Debug|Any CPU
		{1925E728-9A1A-4C28-9E30-746656B21951}.Debug|Any CPU.Build.0 = Debug|Any CPU
		{1925E728-9A1A-4C28-9E30-746656B21951}.Release|Any CPU.ActiveCfg = Release|Any CPU
		{1925E728-9A1A-4C28-9E30-746656B21951}.Release|Any CPU.Build.0 = Release|Any CPU
	EndGlobalSection
	GlobalSection(SolutionProperties) = preSolution
		HideSolutionNode = FALSE
	EndGlobalSection
	GlobalSection(ExtensibilityGlobals) = postSolution
		SolutionGuid = {B70C2651-88DF-4AB7-A83F-D7B65030FABA}
	EndGlobalSection
EndGlobal
