
Microsoft Visual Studio Solution File, Format Version 12.00
# Visual Studio 15
VisualStudioVersion = 15.0.27004.2002
MinimumVisualStudioVersion = 10.0.40219.1
Project("{FAE04EC0-301F-11D3-BF4B-00C04F79EFBC}") = "P01_StudentSystem", "P01_StudentSystem\P01_StudentSystem.csproj", "{37E183D1-0921-4EA1-869E-42E77DBB54F6}"
EndProject
Project("{FAE04EC0-301F-11D3-BF4B-00C04F79EFBC}") = "P01_StudentSystem.Data", "P01_StudentSystem.Data\P01_StudentSystem.Data.csproj", "{3859D0E2-60A4-4A52-AC44-F850107EFA4F}"
EndProject
Project("{FAE04EC0-301F-11D3-BF4B-00C04F79EFBC}") = "P03_FootballBetting", "P03_FootballBetting\P03_FootballBetting.csproj", "{7B2379CA-9738-4ADB-BFCF-28282C9C5B78}"
EndProject
Project("{FAE04EC0-301F-11D3-BF4B-00C04F79EFBC}") = "P03_FootballBetting.Data", "P03_FootballBetting.Data\P03_FootballBetting.Data.csproj", "{658A2E32-F5C7-40CC-ABBC-8657A1346809}"
EndProject
Global
	GlobalSection(SolutionConfigurationPlatforms) = preSolution
		Debug|Any CPU = Debug|Any CPU
		Release|Any CPU = Release|Any CPU
	EndGlobalSection
	GlobalSection(ProjectConfigurationPlatforms) = postSolution
		{37E183D1-0921-4EA1-869E-42E77DBB54F6}.Debug|Any CPU.ActiveCfg = Debug|Any CPU
		{37E183D1-0921-4EA1-869E-42E77DBB54F6}.Debug|Any CPU.Build.0 = Debug|Any CPU
		{37E183D1-0921-4EA1-869E-42E77DBB54F6}.Release|Any CPU.ActiveCfg = Release|Any CPU
		{37E183D1-0921-4EA1-869E-42E77DBB54F6}.Release|Any CPU.Build.0 = Release|Any CPU
		{3859D0E2-60A4-4A52-AC44-F850107EFA4F}.Debug|Any CPU.ActiveCfg = Debug|Any CPU
		{3859D0E2-60A4-4A52-AC44-F850107EFA4F}.Debug|Any CPU.Build.0 = Debug|Any CPU
		{3859D0E2-60A4-4A52-AC44-F850107EFA4F}.Release|Any CPU.ActiveCfg = Release|Any CPU
		{3859D0E2-60A4-4A52-AC44-F850107EFA4F}.Release|Any CPU.Build.0 = Release|Any CPU
		{7B2379CA-9738-4ADB-BFCF-28282C9C5B78}.Debug|Any CPU.ActiveCfg = Debug|Any CPU
		{7B2379CA-9738-4ADB-BFCF-28282C9C5B78}.Debug|Any CPU.Build.0 = Debug|Any CPU
		{7B2379CA-9738-4ADB-BFCF-28282C9C5B78}.Release|Any CPU.ActiveCfg = Release|Any CPU
		{7B2379CA-9738-4ADB-BFCF-28282C9C5B78}.Release|Any CPU.Build.0 = Release|Any CPU
		{658A2E32-F5C7-40CC-ABBC-8657A1346809}.Debug|Any CPU.ActiveCfg = Debug|Any CPU
		{658A2E32-F5C7-40CC-ABBC-8657A1346809}.Debug|Any CPU.Build.0 = Debug|Any CPU
		{658A2E32-F5C7-40CC-ABBC-8657A1346809}.Release|Any CPU.ActiveCfg = Release|Any CPU
		{658A2E32-F5C7-40CC-ABBC-8657A1346809}.Release|Any CPU.Build.0 = Release|Any CPU
	EndGlobalSection
	GlobalSection(SolutionProperties) = preSolution
		HideSolutionNode = FALSE
	EndGlobalSection
	GlobalSection(ExtensibilityGlobals) = postSolution
		SolutionGuid = {927A9087-B781-42A3-88C6-F3AE6E827148}
	EndGlobalSection
EndGlobal
